
Microsoft Visual Studio Solution File, Format Version 12.00
# Visual Studio Version 17
VisualStudioVersion = 17.13.35723.152
MinimumVisualStudioVersion = 10.0.40219.1
Project("{FAE04EC0-301F-11D3-BF4B-00C04F79EFBC}") = "BudgetManager", "BudgetManager\BudgetManager.csproj", "{28E40ED1-0843-4A43-BD15-C416C2FB724A}"
EndProject
Project("{FAE04EC0-301F-11D3-BF4B-00C04F79EFBC}") = "BudgerManagerNunitTests", "BudgerManagerNunitTests\BudgerManagerNunitTests.csproj", "{4877CDA9-0B7E-4D82-B43B-5A9E30BA6826}"
EndProject
Global
	GlobalSection(SolutionConfigurationPlatforms) = preSolution
		Debug|Any CPU = Debug|Any CPU
		Release|Any CPU = Release|Any CPU
	EndGlobalSection
	GlobalSection(ProjectConfigurationPlatforms) = postSolution
		{28E40ED1-0843-4A43-BD15-C416C2FB724A}.Debug|Any CPU.ActiveCfg = Debug|Any CPU
		{28E40ED1-0843-4A43-BD15-C416C2FB724A}.Debug|Any CPU.Build.0 = Debug|Any CPU
		{28E40ED1-0843-4A43-BD15-C416C2FB724A}.Release|Any CPU.ActiveCfg = Release|Any CPU
		{28E40ED1-0843-4A43-BD15-C416C2FB724A}.Release|Any CPU.Build.0 = Release|Any CPU
		{4877CDA9-0B7E-4D82-B43B-5A9E30BA6826}.Debug|Any CPU.ActiveCfg = Debug|Any CPU
		{4877CDA9-0B7E-4D82-B43B-5A9E30BA6826}.Debug|Any CPU.Build.0 = Debug|Any CPU
		{4877CDA9-0B7E-4D82-B43B-5A9E30BA6826}.Release|Any CPU.ActiveCfg = Release|Any CPU
		{4877CDA9-0B7E-4D82-B43B-5A9E30BA6826}.Release|Any CPU.Build.0 = Release|Any CPU
	EndGlobalSection
	GlobalSection(SolutionProperties) = preSolution
		HideSolutionNode = FALSE
	EndGlobalSection
	GlobalSection(ExtensibilityGlobals) = postSolution
		SolutionGuid = {41F6CDE8-80E1-47E7-A5E3-CD18A9C77D3A}
	EndGlobalSection
EndGlobal
